
Microsoft Visual Studio Solution File, Format Version 12.00
# Visual Studio Version 17
VisualStudioVersion = 17.13.35919.96 d17.13
MinimumVisualStudioVersion = 10.0.40219.1
Project("{FAE04EC0-301F-11D3-BF4B-00C04F79EFBC}") = "InterfazAdministrador", "InterfazAdministrador\InterfazAdministrador.csproj", "{8B9DF715-15B1-4B82-97D5-6263AD6CEFCF}"
EndProject
Global
	GlobalSection(SolutionConfigurationPlatforms) = preSolution
		Debug|Any CPU = Debug|Any CPU
		Release|Any CPU = Release|Any CPU
	EndGlobalSection
	GlobalSection(ProjectConfigurationPlatforms) = postSolution
		{8B9DF715-15B1-4B82-97D5-6263AD6CEFCF}.Debug|Any CPU.ActiveCfg = Debug|Any CPU
		{8B9DF715-15B1-4B82-97D5-6263AD6CEFCF}.Debug|Any CPU.Build.0 = Debug|Any CPU
		{8B9DF715-15B1-4B82-97D5-6263AD6CEFCF}.Release|Any CPU.ActiveCfg = Release|Any CPU
		{8B9DF715-15B1-4B82-97D5-6263AD6CEFCF}.Release|Any CPU.Build.0 = Release|Any CPU
	EndGlobalSection
	GlobalSection(SolutionProperties) = preSolution
		HideSolutionNode = FALSE
	EndGlobalSection
	GlobalSection(ExtensibilityGlobals) = postSolution
		SolutionGuid = {EFDB9C57-46E8-45D1-A0F3-511F8D40D245}
	EndGlobalSection
EndGlobal
